
Microsoft Visual Studio Solution File, Format Version 12.00
# Visual Studio Version 17
VisualStudioVersion = 17.7.34018.315
MinimumVisualStudioVersion = 10.0.40219.1
Project("{FAE04EC0-301F-11D3-BF4B-00C04F79EFBC}") = "WebApplication1", "WebApplication1\WebApplication1.csproj", "{BD04EA75-33EE-4E7D-9C49-61C041D49BFD}"
EndProject
Global
	GlobalSection(SolutionConfigurationPlatforms) = preSolution
		Debug|Any CPU = Debug|Any CPU
		Release|Any CPU = Release|Any CPU
	EndGlobalSection
	GlobalSection(ProjectConfigurationPlatforms) = postSolution
		{BD04EA75-33EE-4E7D-9C49-61C041D49BFD}.Debug|Any CPU.ActiveCfg = Debug|Any CPU
		{BD04EA75-33EE-4E7D-9C49-61C041D49BFD}.Debug|Any CPU.Build.0 = Debug|Any CPU
		{BD04EA75-33EE-4E7D-9C49-61C041D49BFD}.Release|Any CPU.ActiveCfg = Release|Any CPU
		{BD04EA75-33EE-4E7D-9C49-61C041D49BFD}.Release|Any CPU.Build.0 = Release|Any CPU
	EndGlobalSection
	GlobalSection(SolutionProperties) = preSolution
		HideSolutionNode = FALSE
	EndGlobalSection
	GlobalSection(ExtensibilityGlobals) = postSolution
		SolutionGuid = {22063A1A-8D60-4FD4-8705-173FFFB1BD48}
	EndGlobalSection
EndGlobal
